
Microsoft Visual Studio Solution File, Format Version 12.00
# Visual Studio Version 17
VisualStudioVersion = 17.8.34330.188
MinimumVisualStudioVersion = 10.0.40219.1
Project("{FAE04EC0-301F-11D3-BF4B-00C04F79EFBC}") = "OfertasGo", "OfertasGo\OfertasGo.csproj", "{3677E8F6-BD76-4886-9F8C-C101606CB76C}"
EndProject
Project("{FAE04EC0-301F-11D3-BF4B-00C04F79EFBC}") = "Dominio", "Dominio\Dominio.csproj", "{E0F40213-8D42-4715-85BF-01B5654CCBAC}"
EndProject
Project("{FAE04EC0-301F-11D3-BF4B-00C04F79EFBC}") = "Negocio", "Negocio\Negocio.csproj", "{3F7C2CA9-3CA0-4272-96F5-9F5DC40DF08D}"
EndProject
Project("{FAE04EC0-301F-11D3-BF4B-00C04F79EFBC}") = "ConexionesExternas", "ConexionesExternas\ConexionesExternas.csproj", "{75379594-9404-41CD-B7D1-1F52B03E334C}"
EndProject
Global
	GlobalSection(SolutionConfigurationPlatforms) = preSolution
		Debug|Any CPU = Debug|Any CPU
		Release|Any CPU = Release|Any CPU
	EndGlobalSection
	GlobalSection(ProjectConfigurationPlatforms) = postSolution
		{3677E8F6-BD76-4886-9F8C-C101606CB76C}.Debug|Any CPU.ActiveCfg = Debug|Any CPU
		{3677E8F6-BD76-4886-9F8C-C101606CB76C}.Debug|Any CPU.Build.0 = Debug|Any CPU
		{3677E8F6-BD76-4886-9F8C-C101606CB76C}.Release|Any CPU.ActiveCfg = Release|Any CPU
		{3677E8F6-BD76-4886-9F8C-C101606CB76C}.Release|Any CPU.Build.0 = Release|Any CPU
		{E0F40213-8D42-4715-85BF-01B5654CCBAC}.Debug|Any CPU.ActiveCfg = Debug|Any CPU
		{E0F40213-8D42-4715-85BF-01B5654CCBAC}.Debug|Any CPU.Build.0 = Debug|Any CPU
		{E0F40213-8D42-4715-85BF-01B5654CCBAC}.Release|Any CPU.ActiveCfg = Release|Any CPU
		{E0F40213-8D42-4715-85BF-01B5654CCBAC}.Release|Any CPU.Build.0 = Release|Any CPU
		{3F7C2CA9-3CA0-4272-96F5-9F5DC40DF08D}.Debug|Any CPU.ActiveCfg = Debug|Any CPU
		{3F7C2CA9-3CA0-4272-96F5-9F5DC40DF08D}.Debug|Any CPU.Build.0 = Debug|Any CPU
		{3F7C2CA9-3CA0-4272-96F5-9F5DC40DF08D}.Release|Any CPU.ActiveCfg = Release|Any CPU
		{3F7C2CA9-3CA0-4272-96F5-9F5DC40DF08D}.Release|Any CPU.Build.0 = Release|Any CPU
		{75379594-9404-41CD-B7D1-1F52B03E334C}.Debug|Any CPU.ActiveCfg = Debug|Any CPU
		{75379594-9404-41CD-B7D1-1F52B03E334C}.Debug|Any CPU.Build.0 = Debug|Any CPU
		{75379594-9404-41CD-B7D1-1F52B03E334C}.Release|Any CPU.ActiveCfg = Release|Any CPU
		{75379594-9404-41CD-B7D1-1F52B03E334C}.Release|Any CPU.Build.0 = Release|Any CPU
	EndGlobalSection
	GlobalSection(SolutionProperties) = preSolution
		HideSolutionNode = FALSE
	EndGlobalSection
	GlobalSection(ExtensibilityGlobals) = postSolution
		SolutionGuid = {CC2E1413-1042-4316-8709-64A3914D783D}
	EndGlobalSection
EndGlobal
